
Microsoft Visual Studio Solution File, Format Version 12.00
# Visual Studio Version 17
VisualStudioVersion = 17.7.34024.191
MinimumVisualStudioVersion = 10.0.40219.1
Project("{FAE04EC0-301F-11D3-BF4B-00C04F79EFBC}") = "Szyfrowanie", "Szyfrowanie\Szyfrowanie.csproj", "{AC8C7E9C-A8C5-45FC-BAA9-1DD2C1CE8CAC}"
EndProject
Global
	GlobalSection(SolutionConfigurationPlatforms) = preSolution
		Debug|Any CPU = Debug|Any CPU
		Release|Any CPU = Release|Any CPU
	EndGlobalSection
	GlobalSection(ProjectConfigurationPlatforms) = postSolution
		{AC8C7E9C-A8C5-45FC-BAA9-1DD2C1CE8CAC}.Debug|Any CPU.ActiveCfg = Debug|Any CPU
		{AC8C7E9C-A8C5-45FC-BAA9-1DD2C1CE8CAC}.Debug|Any CPU.Build.0 = Debug|Any CPU
		{AC8C7E9C-A8C5-45FC-BAA9-1DD2C1CE8CAC}.Release|Any CPU.ActiveCfg = Release|Any CPU
		{AC8C7E9C-A8C5-45FC-BAA9-1DD2C1CE8CAC}.Release|Any CPU.Build.0 = Release|Any CPU
	EndGlobalSection
	GlobalSection(SolutionProperties) = preSolution
		HideSolutionNode = FALSE
	EndGlobalSection
	GlobalSection(ExtensibilityGlobals) = postSolution
		SolutionGuid = {FCF58EC1-E72E-4CB1-AC97-9F3F028A1EDB}
	EndGlobalSection
EndGlobal
